
Microsoft Visual Studio Solution File, Format Version 12.00
# Visual Studio Version 17
VisualStudioVersion = 17.3.32929.385
MinimumVisualStudioVersion = 10.0.40219.1
Project("{FAE04EC0-301F-11D3-BF4B-00C04F79EFBC}") = "Consola", "Consola\Consola.csproj", "{7589C70D-ACC7-44B6-BFCF-49E87FCEE94F}"
EndProject
Project("{FAE04EC0-301F-11D3-BF4B-00C04F79EFBC}") = "WebApp", "WebApp\WebApp.csproj", "{57B0A2B9-F354-406F-9C56-89FC288D4267}"
EndProject
Project("{FAE04EC0-301F-11D3-BF4B-00C04F79EFBC}") = "Dominio", "Dominio\Dominio.csproj", "{7793C664-A34A-4210-B421-AC1ED0F22406}"
EndProject
Global
	GlobalSection(SolutionConfigurationPlatforms) = preSolution
		Debug|Any CPU = Debug|Any CPU
		Release|Any CPU = Release|Any CPU
	EndGlobalSection
	GlobalSection(ProjectConfigurationPlatforms) = postSolution
		{7589C70D-ACC7-44B6-BFCF-49E87FCEE94F}.Debug|Any CPU.ActiveCfg = Debug|Any CPU
		{7589C70D-ACC7-44B6-BFCF-49E87FCEE94F}.Debug|Any CPU.Build.0 = Debug|Any CPU
		{7589C70D-ACC7-44B6-BFCF-49E87FCEE94F}.Release|Any CPU.ActiveCfg = Release|Any CPU
		{7589C70D-ACC7-44B6-BFCF-49E87FCEE94F}.Release|Any CPU.Build.0 = Release|Any CPU
		{57B0A2B9-F354-406F-9C56-89FC288D4267}.Debug|Any CPU.ActiveCfg = Debug|Any CPU
		{57B0A2B9-F354-406F-9C56-89FC288D4267}.Debug|Any CPU.Build.0 = Debug|Any CPU
		{57B0A2B9-F354-406F-9C56-89FC288D4267}.Release|Any CPU.ActiveCfg = Release|Any CPU
		{57B0A2B9-F354-406F-9C56-89FC288D4267}.Release|Any CPU.Build.0 = Release|Any CPU
		{7793C664-A34A-4210-B421-AC1ED0F22406}.Debug|Any CPU.ActiveCfg = Debug|Any CPU
		{7793C664-A34A-4210-B421-AC1ED0F22406}.Debug|Any CPU.Build.0 = Debug|Any CPU
		{7793C664-A34A-4210-B421-AC1ED0F22406}.Release|Any CPU.ActiveCfg = Release|Any CPU
		{7793C664-A34A-4210-B421-AC1ED0F22406}.Release|Any CPU.Build.0 = Release|Any CPU
	EndGlobalSection
	GlobalSection(SolutionProperties) = preSolution
		HideSolutionNode = FALSE
	EndGlobalSection
	GlobalSection(ExtensibilityGlobals) = postSolution
		SolutionGuid = {09616036-E2BF-4607-940A-658AB6E363E8}
	EndGlobalSection
EndGlobal
